
Microsoft Visual Studio Solution File, Format Version 12.00
# Visual Studio 15
VisualStudioVersion = 15.0.27428.2043
MinimumVisualStudioVersion = 10.0.40219.1
Project("{9A19103F-16F7-4668-BE54-9A1E7A4F7556}") = "Plugin.Sample.BizFx.DevOps", "Plugin.Sample.BizFx.DevOps\Plugin.Sample.BizFx.DevOps.csproj", "{135AD74A-7421-40E9-8915-9243B52FEB41}"
EndProject
Project("{2150E333-8FDC-42A3-9474-1A3956D46DE8}") = "DevOpsTestPlugins", "DevOpsTestPlugins", "{AEBC9164-9F0B-49AB-B22B-27E4764EBFBE}"
EndProject
Project("{2150E333-8FDC-42A3-9474-1A3956D46DE8}") = "UtilityPlugins", "UtilityPlugins", "{A1F025E9-0974-4597-B150-4046B5E452A1}"
EndProject
Project("{9A19103F-16F7-4668-BE54-9A1E7A4F7556}") = "Plugin.Sample.JsonCommander", "Plugin.Sample.JsonCommander\Plugin.Sample.JsonCommander.csproj", "{47A4D0DC-A67E-4212-B4BB-C8EFC182B9E3}"
EndProject
Project("{9A19103F-16F7-4668-BE54-9A1E7A4F7556}") = "Plugin.Sample.ListMaster", "Plugin.Sample.ListMaster\Plugin.Sample.ListMaster.csproj", "{4BD86C7D-53FF-4201-957A-1298B43E220F}"
EndProject
Project("{9A19103F-16F7-4668-BE54-9A1E7A4F7556}") = "Plugin.Sample.Plugin.Enhancements", "Plugin.Sample.Plugin.Enhancements\Plugin.Sample.Plugin.Enhancements.csproj", "{C7220BC7-FA92-454C-86E6-F4F5709C1C94}"
EndProject
Project("{9A19103F-16F7-4668-BE54-9A1E7A4F7556}") = "Plugin.Sample.Messaging", "Plugin.Sample.Messaging\Plugin.Sample.Messaging.csproj", "{9663F2BF-B3E1-4AEF-A3EF-7CB517947D2D}"
EndProject
Project("{2150E333-8FDC-42A3-9474-1A3956D46DE8}") = "IntegrationPlugins", "IntegrationPlugins", "{31E14E6F-549D-40CD-A1AE-784ED1315949}"
EndProject
Project("{9A19103F-16F7-4668-BE54-9A1E7A4F7556}") = "Sitecore.Commerce.Plugin.SxaRepo", "Sitecore.Commerce.Plugin.SxaRepo\Sitecore.Commerce.Plugin.SxaRepo.csproj", "{268903B2-4277-463B-90BB-8BAA0BF621AD}"
EndProject
Project("{2150E333-8FDC-42A3-9474-1A3956D46DE8}") = "Sxa", "Sxa", "{2E6EE6C2-6E52-4478-BA57-07C939908035}"
EndProject
Project("{2150E333-8FDC-42A3-9474-1A3956D46DE8}") = "BizFx", "BizFx", "{3C0D1847-722A-4C7A-A18B-25D5F72469E4}"
EndProject
Project("{9A19103F-16F7-4668-BE54-9A1E7A4F7556}") = "Plugin.Sample.BizFx.Enhancements", "Plugin.Sample.BizFx.Enhancements\Plugin.Sample.BizFx.Enhancements.csproj", "{09BC0E28-3A59-4A8D-914A-314B49C57653}"
EndProject
Project("{2150E333-8FDC-42A3-9474-1A3956D46DE8}") = "Catalog", "Catalog", "{7D973998-049D-46E3-A8F3-6FAFEDC5F3AF}"
EndProject
Project("{9A19103F-16F7-4668-BE54-9A1E7A4F7556}") = "Plugin.Sample.Catalog.Enhancements", "Plugin.Sample.Catalog.Enhancements\Plugin.Sample.Catalog.Enhancements.csproj", "{405732AB-0C4C-4B1B-A80A-E2C109D612C7}"
EndProject
Project("{9A19103F-16F7-4668-BE54-9A1E7A4F7556}") = "Plugin.Sample.Catalog.Generator", "Plugin.Sample.Catalog.Generator\Plugin.Sample.Catalog.Generator.csproj", "{ABDC6CA8-D439-43ED-AE09-B285F0D36949}"
EndProject
Project("{9A19103F-16F7-4668-BE54-9A1E7A4F7556}") = "Plugin.Sample.CommerceDashboard", "Plugin.Sample.CommerceDashboard\Plugin.Sample.CommerceDashboard.csproj", "{1E141ABC-8B7E-49A9-A985-523AA30945A7}"
EndProject
Project("{9A19103F-16F7-4668-BE54-9A1E7A4F7556}") = "Plugin.Sample.ContentItemCommander", "Plugin.Sample.ContentItemCommander\Plugin.Sample.ContentItemCommander.csproj", "{900E0899-4920-4856-927D-900D38FB6719}"
EndProject
Project("{9A19103F-16F7-4668-BE54-9A1E7A4F7556}") = "Plugin.Sample.EmptyPlugin", "Plugin.Sample.EmptyPlugin\Plugin.Sample.EmptyPlugin.csproj", "{5CE736D2-E4B0-4DC8-8C93-4F9BA80D9AD8}"
EndProject
Project("{2150E333-8FDC-42A3-9474-1A3956D46DE8}") = "Entitlements", "Entitlements", "{F51118E8-A2E1-4464-B229-D07488A5E2C3}"
EndProject
Project("{9A19103F-16F7-4668-BE54-9A1E7A4F7556}") = "Plugin.Sample.Entitlement.Enhancements", "Plugin.Sample.Entitlement.Enhancements\Plugin.Sample.Entitlement.Enhancements.csproj", "{DFD9220D-9E90-4084-B9BA-AE8CE384E8AC}"
EndProject
Project("{2150E333-8FDC-42A3-9474-1A3956D46DE8}") = "Rules", "Rules", "{41FC0AD2-4AF2-4842-9396-2F4074482CB7}"
EndProject
Project("{9A19103F-16F7-4668-BE54-9A1E7A4F7556}") = "Plugin.Sample.ExtendedConditions", "Plugin.Sample.ExtendedConditions\Plugin.Sample.ExtendedConditions.csproj", "{DEAA6578-EC85-4998-8EB5-E21A0BCA2935}"
EndProject
Project("{9A19103F-16F7-4668-BE54-9A1E7A4F7556}") = "Plugin.Sample.HandleMissingSitecore", "Plugin.Sample.HandleMissingSitecore\Plugin.Sample.HandleMissingSitecore.csproj", "{0E1CF390-2E3D-44C4-927B-8CC85B4A71F0}"
EndProject
Project("{9A19103F-16F7-4668-BE54-9A1E7A4F7556}") = "Plugin.Sample.Orders.Enhancements", "Plugin.Sample.Orders.Enhancements\Plugin.Sample.Orders.Enhancements.csproj", "{734DB1A4-5821-49C1-903E-77412C971756}"
EndProject
Project("{2150E333-8FDC-42A3-9474-1A3956D46DE8}") = "Pricing", "Pricing", "{06597BAD-199E-4CA0-8CA6-00E03E8F9294}"
EndProject
Project("{9A19103F-16F7-4668-BE54-9A1E7A4F7556}") = "Plugin.Sample.Pricing.Generator", "Plugin.Sample.Pricing.Generator\Plugin.Sample.Pricing.Generator.csproj", "{0BDD6F9A-DE5B-4929-9FBA-175799B79DFD}"
EndProject
Project("{2150E333-8FDC-42A3-9474-1A3956D46DE8}") = "Promotions", "Promotions", "{26E0FE37-8A39-4695-931A-6A1D4DC5298E}"
EndProject
Project("{9A19103F-16F7-4668-BE54-9A1E7A4F7556}") = "Plugin.Sample.Promotions.Generator", "Plugin.Sample.Promotions.Generator\Plugin.Sample.Promotions.Generator.csproj", "{C2CE94F7-A083-4CD2-AFED-7B5CE2381230}"
EndProject
Project("{9A19103F-16F7-4668-BE54-9A1E7A4F7556}") = "Plugin.Sample.Roles.Enhancements", "Plugin.Sample.Roles.Enhancements\Plugin.Sample.Roles.Enhancements.csproj", "{D3FA0E65-23EE-4605-A4EA-4EE375E1B3DE}"
EndProject
Project("{2150E333-8FDC-42A3-9474-1A3956D46DE8}") = "Search", "Search", "{7C37DD6B-1F33-49CF-A038-8833B6AA16E4}"
EndProject
Project("{9A19103F-16F7-4668-BE54-9A1E7A4F7556}") = "Plugin.Sample.Search.Management", "Plugin.Sample.Search.Management\Plugin.Sample.Search.Management.csproj", "{BA59A5C2-AFCA-4AC6-A665-1179CBB9EF8F}"
EndProject
Project("{9A19103F-16F7-4668-BE54-9A1E7A4F7556}") = "Plugin.Sample.ViewMaster", "Plugin.Sample.ViewMaster\Plugin.Sample.ViewMaster.csproj", "{7F301305-1224-40DA-B499-7CB2761AC05A}"
EndProject
Project("{9A19103F-16F7-4668-BE54-9A1E7A4F7556}") = "Sitecore.Commerce.Plugin.Ebay", "Sitecore.Commerce.Plugin.Ebay\Sitecore.Commerce.Plugin.Ebay.csproj", "{DE99DBB6-C53E-4B31-A6A7-0755D5C3CC31}"
EndProject
Global
	GlobalSection(SolutionConfigurationPlatforms) = preSolution
		Debug|Any CPU = Debug|Any CPU
		Release|Any CPU = Release|Any CPU
	EndGlobalSection
	GlobalSection(ProjectConfigurationPlatforms) = postSolution
		{135AD74A-7421-40E9-8915-9243B52FEB41}.Debug|Any CPU.ActiveCfg = Debug|Any CPU
		{135AD74A-7421-40E9-8915-9243B52FEB41}.Debug|Any CPU.Build.0 = Debug|Any CPU
		{135AD74A-7421-40E9-8915-9243B52FEB41}.Release|Any CPU.ActiveCfg = Release|Any CPU
		{135AD74A-7421-40E9-8915-9243B52FEB41}.Release|Any CPU.Build.0 = Release|Any CPU
		{47A4D0DC-A67E-4212-B4BB-C8EFC182B9E3}.Debug|Any CPU.ActiveCfg = Debug|Any CPU
		{47A4D0DC-A67E-4212-B4BB-C8EFC182B9E3}.Debug|Any CPU.Build.0 = Debug|Any CPU
		{47A4D0DC-A67E-4212-B4BB-C8EFC182B9E3}.Release|Any CPU.ActiveCfg = Release|Any CPU
		{47A4D0DC-A67E-4212-B4BB-C8EFC182B9E3}.Release|Any CPU.Build.0 = Release|Any CPU
		{4BD86C7D-53FF-4201-957A-1298B43E220F}.Debug|Any CPU.ActiveCfg = Debug|Any CPU
		{4BD86C7D-53FF-4201-957A-1298B43E220F}.Debug|Any CPU.Build.0 = Debug|Any CPU
		{4BD86C7D-53FF-4201-957A-1298B43E220F}.Release|Any CPU.ActiveCfg = Release|Any CPU
		{4BD86C7D-53FF-4201-957A-1298B43E220F}.Release|Any CPU.Build.0 = Release|Any CPU
		{C7220BC7-FA92-454C-86E6-F4F5709C1C94}.Debug|Any CPU.ActiveCfg = Debug|Any CPU
		{C7220BC7-FA92-454C-86E6-F4F5709C1C94}.Debug|Any CPU.Build.0 = Debug|Any CPU
		{C7220BC7-FA92-454C-86E6-F4F5709C1C94}.Release|Any CPU.ActiveCfg = Release|Any CPU
		{C7220BC7-FA92-454C-86E6-F4F5709C1C94}.Release|Any CPU.Build.0 = Release|Any CPU
		{9663F2BF-B3E1-4AEF-A3EF-7CB517947D2D}.Debug|Any CPU.ActiveCfg = Debug|Any CPU
		{9663F2BF-B3E1-4AEF-A3EF-7CB517947D2D}.Debug|Any CPU.Build.0 = Debug|Any CPU
		{9663F2BF-B3E1-4AEF-A3EF-7CB517947D2D}.Release|Any CPU.ActiveCfg = Release|Any CPU
		{9663F2BF-B3E1-4AEF-A3EF-7CB517947D2D}.Release|Any CPU.Build.0 = Release|Any CPU
		{268903B2-4277-463B-90BB-8BAA0BF621AD}.Debug|Any CPU.ActiveCfg = Debug|Any CPU
		{268903B2-4277-463B-90BB-8BAA0BF621AD}.Debug|Any CPU.Build.0 = Debug|Any CPU
		{268903B2-4277-463B-90BB-8BAA0BF621AD}.Release|Any CPU.ActiveCfg = Release|Any CPU
		{268903B2-4277-463B-90BB-8BAA0BF621AD}.Release|Any CPU.Build.0 = Release|Any CPU
		{09BC0E28-3A59-4A8D-914A-314B49C57653}.Debug|Any CPU.ActiveCfg = Debug|Any CPU
		{09BC0E28-3A59-4A8D-914A-314B49C57653}.Debug|Any CPU.Build.0 = Debug|Any CPU
		{09BC0E28-3A59-4A8D-914A-314B49C57653}.Release|Any CPU.ActiveCfg = Release|Any CPU
		{09BC0E28-3A59-4A8D-914A-314B49C57653}.Release|Any CPU.Build.0 = Release|Any CPU
		{405732AB-0C4C-4B1B-A80A-E2C109D612C7}.Debug|Any CPU.ActiveCfg = Debug|Any CPU
		{405732AB-0C4C-4B1B-A80A-E2C109D612C7}.Debug|Any CPU.Build.0 = Debug|Any CPU
		{405732AB-0C4C-4B1B-A80A-E2C109D612C7}.Release|Any CPU.ActiveCfg = Release|Any CPU
		{405732AB-0C4C-4B1B-A80A-E2C109D612C7}.Release|Any CPU.Build.0 = Release|Any CPU
		{ABDC6CA8-D439-43ED-AE09-B285F0D36949}.Debug|Any CPU.ActiveCfg = Debug|Any CPU
		{ABDC6CA8-D439-43ED-AE09-B285F0D36949}.Debug|Any CPU.Build.0 = Debug|Any CPU
		{ABDC6CA8-D439-43ED-AE09-B285F0D36949}.Release|Any CPU.ActiveCfg = Release|Any CPU
		{ABDC6CA8-D439-43ED-AE09-B285F0D36949}.Release|Any CPU.Build.0 = Release|Any CPU
		{1E141ABC-8B7E-49A9-A985-523AA30945A7}.Debug|Any CPU.ActiveCfg = Debug|Any CPU
		{1E141ABC-8B7E-49A9-A985-523AA30945A7}.Debug|Any CPU.Build.0 = Debug|Any CPU
		{1E141ABC-8B7E-49A9-A985-523AA30945A7}.Release|Any CPU.ActiveCfg = Release|Any CPU
		{1E141ABC-8B7E-49A9-A985-523AA30945A7}.Release|Any CPU.Build.0 = Release|Any CPU
		{900E0899-4920-4856-927D-900D38FB6719}.Debug|Any CPU.ActiveCfg = Debug|Any CPU
		{900E0899-4920-4856-927D-900D38FB6719}.Debug|Any CPU.Build.0 = Debug|Any CPU
		{900E0899-4920-4856-927D-900D38FB6719}.Release|Any CPU.ActiveCfg = Release|Any CPU
		{900E0899-4920-4856-927D-900D38FB6719}.Release|Any CPU.Build.0 = Release|Any CPU
		{5CE736D2-E4B0-4DC8-8C93-4F9BA80D9AD8}.Debug|Any CPU.ActiveCfg = Debug|Any CPU
		{5CE736D2-E4B0-4DC8-8C93-4F9BA80D9AD8}.Debug|Any CPU.Build.0 = Debug|Any CPU
		{5CE736D2-E4B0-4DC8-8C93-4F9BA80D9AD8}.Release|Any CPU.ActiveCfg = Release|Any CPU
		{5CE736D2-E4B0-4DC8-8C93-4F9BA80D9AD8}.Release|Any CPU.Build.0 = Release|Any CPU
		{DFD9220D-9E90-4084-B9BA-AE8CE384E8AC}.Debug|Any CPU.ActiveCfg = Debug|Any CPU
		{DFD9220D-9E90-4084-B9BA-AE8CE384E8AC}.Debug|Any CPU.Build.0 = Debug|Any CPU
		{DFD9220D-9E90-4084-B9BA-AE8CE384E8AC}.Release|Any CPU.ActiveCfg = Release|Any CPU
		{DFD9220D-9E90-4084-B9BA-AE8CE384E8AC}.Release|Any CPU.Build.0 = Release|Any CPU
		{DEAA6578-EC85-4998-8EB5-E21A0BCA2935}.Debug|Any CPU.ActiveCfg = Debug|Any CPU
		{DEAA6578-EC85-4998-8EB5-E21A0BCA2935}.Debug|Any CPU.Build.0 = Debug|Any CPU
		{DEAA6578-EC85-4998-8EB5-E21A0BCA2935}.Release|Any CPU.ActiveCfg = Release|Any CPU
		{DEAA6578-EC85-4998-8EB5-E21A0BCA2935}.Release|Any CPU.Build.0 = Release|Any CPU
		{0E1CF390-2E3D-44C4-927B-8CC85B4A71F0}.Debug|Any CPU.ActiveCfg = Debug|Any CPU
		{0E1CF390-2E3D-44C4-927B-8CC85B4A71F0}.Debug|Any CPU.Build.0 = Debug|Any CPU
		{0E1CF390-2E3D-44C4-927B-8CC85B4A71F0}.Release|Any CPU.ActiveCfg = Release|Any CPU
		{0E1CF390-2E3D-44C4-927B-8CC85B4A71F0}.Release|Any CPU.Build.0 = Release|Any CPU
		{734DB1A4-5821-49C1-903E-77412C971756}.Debug|Any CPU.ActiveCfg = Debug|Any CPU
		{734DB1A4-5821-49C1-903E-77412C971756}.Debug|Any CPU.Build.0 = Debug|Any CPU
		{734DB1A4-5821-49C1-903E-77412C971756}.Release|Any CPU.ActiveCfg = Release|Any CPU
		{734DB1A4-5821-49C1-903E-77412C971756}.Release|Any CPU.Build.0 = Release|Any CPU
		{0BDD6F9A-DE5B-4929-9FBA-175799B79DFD}.Debug|Any CPU.ActiveCfg = Debug|Any CPU
		{0BDD6F9A-DE5B-4929-9FBA-175799B79DFD}.Debug|Any CPU.Build.0 = Debug|Any CPU
		{0BDD6F9A-DE5B-4929-9FBA-175799B79DFD}.Release|Any CPU.ActiveCfg = Release|Any CPU
		{0BDD6F9A-DE5B-4929-9FBA-175799B79DFD}.Release|Any CPU.Build.0 = Release|Any CPU
		{C2CE94F7-A083-4CD2-AFED-7B5CE2381230}.Debug|Any CPU.ActiveCfg = Debug|Any CPU
		{C2CE94F7-A083-4CD2-AFED-7B5CE2381230}.Debug|Any CPU.Build.0 = Debug|Any CPU
		{C2CE94F7-A083-4CD2-AFED-7B5CE2381230}.Release|Any CPU.ActiveCfg = Release|Any CPU
		{C2CE94F7-A083-4CD2-AFED-7B5CE2381230}.Release|Any CPU.Build.0 = Release|Any CPU
		{D3FA0E65-23EE-4605-A4EA-4EE375E1B3DE}.Debug|Any CPU.ActiveCfg = Debug|Any CPU
		{D3FA0E65-23EE-4605-A4EA-4EE375E1B3DE}.Debug|Any CPU.Build.0 = Debug|Any CPU
		{D3FA0E65-23EE-4605-A4EA-4EE375E1B3DE}.Release|Any CPU.ActiveCfg = Release|Any CPU
		{D3FA0E65-23EE-4605-A4EA-4EE375E1B3DE}.Release|Any CPU.Build.0 = Release|Any CPU
		{BA59A5C2-AFCA-4AC6-A665-1179CBB9EF8F}.Debug|Any CPU.ActiveCfg = Debug|Any CPU
		{BA59A5C2-AFCA-4AC6-A665-1179CBB9EF8F}.Debug|Any CPU.Build.0 = Debug|Any CPU
		{BA59A5C2-AFCA-4AC6-A665-1179CBB9EF8F}.Release|Any CPU.ActiveCfg = Release|Any CPU
		{BA59A5C2-AFCA-4AC6-A665-1179CBB9EF8F}.Release|Any CPU.Build.0 = Release|Any CPU
		{7F301305-1224-40DA-B499-7CB2761AC05A}.Debug|Any CPU.ActiveCfg = Debug|Any CPU
		{7F301305-1224-40DA-B499-7CB2761AC05A}.Debug|Any CPU.Build.0 = Debug|Any CPU
		{7F301305-1224-40DA-B499-7CB2761AC05A}.Release|Any CPU.ActiveCfg = Release|Any CPU
		{7F301305-1224-40DA-B499-7CB2761AC05A}.Release|Any CPU.Build.0 = Release|Any CPU
		{DE99DBB6-C53E-4B31-A6A7-0755D5C3CC31}.Debug|Any CPU.ActiveCfg = Debug|Any CPU
		{DE99DBB6-C53E-4B31-A6A7-0755D5C3CC31}.Debug|Any CPU.Build.0 = Debug|Any CPU
		{DE99DBB6-C53E-4B31-A6A7-0755D5C3CC31}.Release|Any CPU.ActiveCfg = Release|Any CPU
		{DE99DBB6-C53E-4B31-A6A7-0755D5C3CC31}.Release|Any CPU.Build.0 = Release|Any CPU
	EndGlobalSection
	GlobalSection(SolutionProperties) = preSolution
		HideSolutionNode = FALSE
	EndGlobalSection
	GlobalSection(NestedProjects) = preSolution
		{135AD74A-7421-40E9-8915-9243B52FEB41} = {AEBC9164-9F0B-49AB-B22B-27E4764EBFBE}
		{47A4D0DC-A67E-4212-B4BB-C8EFC182B9E3} = {A1F025E9-0974-4597-B150-4046B5E452A1}
		{4BD86C7D-53FF-4201-957A-1298B43E220F} = {AEBC9164-9F0B-49AB-B22B-27E4764EBFBE}
		{C7220BC7-FA92-454C-86E6-F4F5709C1C94} = {A1F025E9-0974-4597-B150-4046B5E452A1}
		{9663F2BF-B3E1-4AEF-A3EF-7CB517947D2D} = {A1F025E9-0974-4597-B150-4046B5E452A1}
		{268903B2-4277-463B-90BB-8BAA0BF621AD} = {31E14E6F-549D-40CD-A1AE-784ED1315949}
		{09BC0E28-3A59-4A8D-914A-314B49C57653} = {3C0D1847-722A-4C7A-A18B-25D5F72469E4}
		{405732AB-0C4C-4B1B-A80A-E2C109D612C7} = {7D973998-049D-46E3-A8F3-6FAFEDC5F3AF}
		{ABDC6CA8-D439-43ED-AE09-B285F0D36949} = {7D973998-049D-46E3-A8F3-6FAFEDC5F3AF}
		{1E141ABC-8B7E-49A9-A985-523AA30945A7} = {3C0D1847-722A-4C7A-A18B-25D5F72469E4}
		{900E0899-4920-4856-927D-900D38FB6719} = {31E14E6F-549D-40CD-A1AE-784ED1315949}
		{5CE736D2-E4B0-4DC8-8C93-4F9BA80D9AD8} = {3C0D1847-722A-4C7A-A18B-25D5F72469E4}
		{DFD9220D-9E90-4084-B9BA-AE8CE384E8AC} = {F51118E8-A2E1-4464-B229-D07488A5E2C3}
		{DEAA6578-EC85-4998-8EB5-E21A0BCA2935} = {41FC0AD2-4AF2-4842-9396-2F4074482CB7}
		{0E1CF390-2E3D-44C4-927B-8CC85B4A71F0} = {31E14E6F-549D-40CD-A1AE-784ED1315949}
		{734DB1A4-5821-49C1-903E-77412C971756} = {3C0D1847-722A-4C7A-A18B-25D5F72469E4}
		{0BDD6F9A-DE5B-4929-9FBA-175799B79DFD} = {06597BAD-199E-4CA0-8CA6-00E03E8F9294}
		{C2CE94F7-A083-4CD2-AFED-7B5CE2381230} = {26E0FE37-8A39-4695-931A-6A1D4DC5298E}
		{D3FA0E65-23EE-4605-A4EA-4EE375E1B3DE} = {3C0D1847-722A-4C7A-A18B-25D5F72469E4}
		{BA59A5C2-AFCA-4AC6-A665-1179CBB9EF8F} = {7C37DD6B-1F33-49CF-A038-8833B6AA16E4}
		{7F301305-1224-40DA-B499-7CB2761AC05A} = {3C0D1847-722A-4C7A-A18B-25D5F72469E4}
		{DE99DBB6-C53E-4B31-A6A7-0755D5C3CC31} = {31E14E6F-549D-40CD-A1AE-784ED1315949}
	EndGlobalSection
	GlobalSection(ExtensibilityGlobals) = postSolution
		SolutionGuid = {3BD92470-2D27-40B3-AAB4-CE3F2FA695AD}
	EndGlobalSection
EndGlobal
